
Microsoft Visual Studio Solution File, Format Version 12.00
# Visual Studio Version 17
VisualStudioVersion = 17.3.32922.545
MinimumVisualStudioVersion = 10.0.40219.1
Project("{FAE04EC0-301F-11D3-BF4B-00C04F79EFBC}") = "ModelBindingMessageProvider", "ModelBindingMessageProvider\ModelBindingMessageProvider.csproj", "{E76D1473-0AA3-4D0D-9BD6-4BC32F7E3CF5}"
EndProject
Global
	GlobalSection(SolutionConfigurationPlatforms) = preSolution
		Debug|Any CPU = Debug|Any CPU
		Release|Any CPU = Release|Any CPU
	EndGlobalSection
	GlobalSection(ProjectConfigurationPlatforms) = postSolution
		{E76D1473-0AA3-4D0D-9BD6-4BC32F7E3CF5}.Debug|Any CPU.ActiveCfg = Debug|Any CPU
		{E76D1473-0AA3-4D0D-9BD6-4BC32F7E3CF5}.Debug|Any CPU.Build.0 = Debug|Any CPU
		{E76D1473-0AA3-4D0D-9BD6-4BC32F7E3CF5}.Release|Any CPU.ActiveCfg = Release|Any CPU
		{E76D1473-0AA3-4D0D-9BD6-4BC32F7E3CF5}.Release|Any CPU.Build.0 = Release|Any CPU
	EndGlobalSection
	GlobalSection(SolutionProperties) = preSolution
		HideSolutionNode = FALSE
	EndGlobalSection
	GlobalSection(ExtensibilityGlobals) = postSolution
		SolutionGuid = {765E706F-4E49-4C5A-B3C2-722D7A274AA1}
	EndGlobalSection
EndGlobal
